
Microsoft Visual Studio Solution File, Format Version 12.00
# Visual Studio 14
VisualStudioVersion = 14.0.23107.0
MinimumVisualStudioVersion = 10.0.40219.1
Project("{8BC9CEB8-8B4A-11D0-8D11-00A0C91BC942}") = "kNearestNeighbor", "kNearestNeighbor\kNearestNeighbor.vcxproj", "{D8F65585-7695-4B28-833E-60437FE0456C}"
EndProject
Project("{8BC9CEB8-8B4A-11D0-8D11-00A0C91BC942}") = "handWriting", "handWriting\handWriting.vcxproj", "{A61BA904-C828-4FC9-A73D-0BA6F368BD92}"
EndProject
Project("{8BC9CEB8-8B4A-11D0-8D11-00A0C91BC942}") = "decisionTree", "decisionTree\decisionTree.vcxproj", "{6A850EB1-8359-4235-A42C-090923B9B556}"
EndProject
Project("{8BC9CEB8-8B4A-11D0-8D11-00A0C91BC942}") = "bayes", "bayes\bayes.vcxproj", "{E8414BEF-D2D8-4605-9282-A860648EEE9B}"
EndProject
Global
	GlobalSection(SolutionConfigurationPlatforms) = preSolution
		Debug|x64 = Debug|x64
		Debug|x86 = Debug|x86
		Release|x64 = Release|x64
		Release|x86 = Release|x86
	EndGlobalSection
	GlobalSection(ProjectConfigurationPlatforms) = postSolution
		{D8F65585-7695-4B28-833E-60437FE0456C}.Debug|x64.ActiveCfg = Debug|x64
		{D8F65585-7695-4B28-833E-60437FE0456C}.Debug|x64.Build.0 = Debug|x64
		{D8F65585-7695-4B28-833E-60437FE0456C}.Debug|x86.ActiveCfg = Debug|Win32
		{D8F65585-7695-4B28-833E-60437FE0456C}.Debug|x86.Build.0 = Debug|Win32
		{D8F65585-7695-4B28-833E-60437FE0456C}.Release|x64.ActiveCfg = Release|x64
		{D8F65585-7695-4B28-833E-60437FE0456C}.Release|x64.Build.0 = Release|x64
		{D8F65585-7695-4B28-833E-60437FE0456C}.Release|x86.ActiveCfg = Release|Win32
		{D8F65585-7695-4B28-833E-60437FE0456C}.Release|x86.Build.0 = Release|Win32
		{A61BA904-C828-4FC9-A73D-0BA6F368BD92}.Debug|x64.ActiveCfg = Debug|x64
		{A61BA904-C828-4FC9-A73D-0BA6F368BD92}.Debug|x64.Build.0 = Debug|x64
		{A61BA904-C828-4FC9-A73D-0BA6F368BD92}.Debug|x86.ActiveCfg = Debug|Win32
		{A61BA904-C828-4FC9-A73D-0BA6F368BD92}.Debug|x86.Build.0 = Debug|Win32
		{A61BA904-C828-4FC9-A73D-0BA6F368BD92}.Release|x64.ActiveCfg = Release|x64
		{A61BA904-C828-4FC9-A73D-0BA6F368BD92}.Release|x64.Build.0 = Release|x64
		{A61BA904-C828-4FC9-A73D-0BA6F368BD92}.Release|x86.ActiveCfg = Release|Win32
		{A61BA904-C828-4FC9-A73D-0BA6F368BD92}.Release|x86.Build.0 = Release|Win32
		{6A850EB1-8359-4235-A42C-090923B9B556}.Debug|x64.ActiveCfg = Debug|x64
		{6A850EB1-8359-4235-A42C-090923B9B556}.Debug|x64.Build.0 = Debug|x64
		{6A850EB1-8359-4235-A42C-090923B9B556}.Debug|x86.ActiveCfg = Debug|Win32
		{6A850EB1-8359-4235-A42C-090923B9B556}.Debug|x86.Build.0 = Debug|Win32
		{6A850EB1-8359-4235-A42C-090923B9B556}.Release|x64.ActiveCfg = Release|x64
		{6A850EB1-8359-4235-A42C-090923B9B556}.Release|x64.Build.0 = Release|x64
		{6A850EB1-8359-4235-A42C-090923B9B556}.Release|x86.ActiveCfg = Release|Win32
		{6A850EB1-8359-4235-A42C-090923B9B556}.Release|x86.Build.0 = Release|Win32
		{E8414BEF-D2D8-4605-9282-A860648EEE9B}.Debug|x64.ActiveCfg = Debug|x64
		{E8414BEF-D2D8-4605-9282-A860648EEE9B}.Debug|x64.Build.0 = Debug|x64
		{E8414BEF-D2D8-4605-9282-A860648EEE9B}.Debug|x86.ActiveCfg = Debug|Win32
		{E8414BEF-D2D8-4605-9282-A860648EEE9B}.Debug|x86.Build.0 = Debug|Win32
		{E8414BEF-D2D8-4605-9282-A860648EEE9B}.Release|x64.ActiveCfg = Release|x64
		{E8414BEF-D2D8-4605-9282-A860648EEE9B}.Release|x64.Build.0 = Release|x64
		{E8414BEF-D2D8-4605-9282-A860648EEE9B}.Release|x86.ActiveCfg = Release|Win32
		{E8414BEF-D2D8-4605-9282-A860648EEE9B}.Release|x86.Build.0 = Release|Win32
	EndGlobalSection
	GlobalSection(SolutionProperties) = preSolution
		HideSolutionNode = FALSE
	EndGlobalSection
EndGlobal
